<?xml version="1.0" encoding="utf-8"?>
<Project ToolsVersion="4.0" xmlns="http://schemas.microsoft.com/developer/msbuild/2003">
  <ItemGroup>
    <Filter Include="Source Files">
      <UniqueIdentifier>{cde09e03-f129-48b2-b289-cec088496bd7}</UniqueIdentifier>
      <Extensions>cpp;c;cxx;rc;def;r;odl;idl;hpj;bat</Extensions>
    </Filter>
    <Filter Include="Header Files">
      <UniqueIdentifier>{c85e8234-52cd-4b59-8a9a-0bb1974ed80c}</UniqueIdentifier>
      <Extensions>h;hpp;hxx;hm;inl</Extensions>
    </Filter>
    <Filter Include="Resource Files">
      <UniqueIdentifier>{722df8dd-885b-4574-a3fb-89a3e275835a}</UniqueIdentifier>
      <Extensions>ico;cur;bmp;dlg;rc2;rct;bin;rgs;gif;jpg;jpeg;jpe</Extensions>
    </Filter>
  </ItemGroup>
  <ItemGroup>
    <ClCompile Include="..\CommonImportCom\AccessDataFile.cpp">
      <Filter>Source Files</Filter>
    </ClCompile>
    <ClCompile Include="..\CommonImportCom\AccessDb.cpp">
      <Filter>Source Files</Filter>
    </ClCompile>
    <ClCompile Include="AccessEOSSDb.cpp">
      <Filter>Source Files</Filter>
    </ClCompile>
    <ClCompile Include="..\CommonImportCom\AdoDb.cpp">
      <Filter>Source Files</Filter>
    </ClCompile>
    <ClCompile Include="CoEOSSImport.cpp">
      <Filter>Source Files</Filter>
    </ClCompile>
    <ClCompile Include="..\CommonImportCom\CreateAccessDatabase.cpp">
      <Filter>Source Files</Filter>
    </ClCompile>
    <ClCompile Include="..\Common\DirUtilities.cpp">
      <Filter>Source Files</Filter>
    </ClCompile>
    <ClCompile Include="EOSSCreateAccessDatabase.cpp">
      <Filter>Source Files</Filter>
    </ClCompile>
    <ClCompile Include="EOSSData.cpp">
      <Filter>Source Files</Filter>
    </ClCompile>
    <ClCompile Include="EOSSDataFile.cpp">
      <Filter>Source Files</Filter>
    </ClCompile>
    <ClCompile Include="EOSSImport.cpp">
      <Filter>Source Files</Filter>
    </ClCompile>
    <ClCompile Include="..\Common\ProgressWnd.cpp">
      <Filter>Source Files</Filter>
    </ClCompile>
    <ClCompile Include="..\Common\SafeArrayUtil.cpp">
      <Filter>Source Files</Filter>
    </ClCompile>
    <ClCompile Include="StdAfx.cpp">
      <Filter>Source Files</Filter>
    </ClCompile>
  </ItemGroup>
  <ItemGroup>
    <None Include="EOSSImport.rgs">
      <Filter>Resource Files</Filter>
    </None>
    <None Include="..\Common\CommonErrorMessages.ini" />
  </ItemGroup>
  <ItemGroup>
    <Midl Include="CoEOSSImport.idl">
      <Filter>Source Files</Filter>
    </Midl>
  </ItemGroup>
  <ItemGroup>
    <ClInclude Include="..\CommonImportCom\AccessDataFile.h">
      <Filter>Header Files</Filter>
    </ClInclude>
    <ClInclude Include="..\CommonImportCom\AccessDb.h">
      <Filter>Header Files</Filter>
    </ClInclude>
    <ClInclude Include="AccessEOSSDb.h">
      <Filter>Header Files</Filter>
    </ClInclude>
    <ClInclude Include="..\CommonImportCom\AdoDb.h">
      <Filter>Header Files</Filter>
    </ClInclude>
    <ClInclude Include="CoEOSSImport.h">
      <Filter>Header Files</Filter>
    </ClInclude>
    <ClInclude Include="..\Common\commondefines.h">
      <Filter>Header Files</Filter>
    </ClInclude>
    <ClInclude Include="..\CommonImportCom\CreateAccessDatabase.h">
      <Filter>Header Files</Filter>
    </ClInclude>
    <ClInclude Include="EOSSCreateAccessDatabase.h">
      <Filter>Header Files</Filter>
    </ClInclude>
    <ClInclude Include="EOSSData.h">
      <Filter>Header Files</Filter>
    </ClInclude>
    <ClInclude Include="EOSSDataFile.h">
      <Filter>Header Files</Filter>
    </ClInclude>
    <ClInclude Include="eossdefs.h">
      <Filter>Header Files</Filter>
    </ClInclude>
    <ClInclude Include="EOSSImport.h">
      <Filter>Header Files</Filter>
    </ClInclude>
    <ClInclude Include="..\RAD\imports.h">
      <Filter>Header Files</Filter>
    </ClInclude>
    <ClInclude Include="..\CommonImportCom\ProgressWnd.h">
      <Filter>Header Files</Filter>
    </ClInclude>
    <ClInclude Include="resource.h">
      <Filter>Header Files</Filter>
    </ClInclude>
    <ClInclude Include="StdAfx.h">
      <Filter>Header Files</Filter>
    </ClInclude>
  </ItemGroup>
  <ItemGroup>
    <ResourceCompile Include="CoEOSSImport.rc">
      <Filter>Resource Files</Filter>
    </ResourceCompile>
  </ItemGroup>
  <ItemGroup>
    <CustomBuildStep Include="CoEOSSImport.def">
      <Filter>Source Files</Filter>
    </CustomBuildStep>
  </ItemGroup>
</Project>