<?xml version="1.0" encoding="utf-8"?>
<Project ToolsVersion="4.0" xmlns="http://schemas.microsoft.com/developer/msbuild/2003">
  <ItemGroup>
    <Filter Include="Source Files">
      <UniqueIdentifier>{8cd43472-9852-448a-9490-79493ec6b5bf}</UniqueIdentifier>
      <Extensions>cpp;c;cxx;rc;def;r;odl;idl;hpj;bat</Extensions>
    </Filter>
    <Filter Include="Header Files">
      <UniqueIdentifier>{023682f1-980d-485b-9d6e-394b8e7f70af}</UniqueIdentifier>
      <Extensions>h;hpp;hxx;hm;inl</Extensions>
    </Filter>
    <Filter Include="Resource Files">
      <UniqueIdentifier>{7023c788-34ba-4c9a-b3d7-735b9396fd74}</UniqueIdentifier>
      <Extensions>ico;cur;bmp;dlg;rc2;rct;bin;rgs;gif;jpg;jpeg;jpe</Extensions>
    </Filter>
  </ItemGroup>
  <ItemGroup>
    <ClCompile Include="..\CommonBaseClasses\BaseFacCfgWrap.cpp">
      <Filter>Source Files</Filter>
    </ClCompile>
    <ClCompile Include="CoGrandImport.cpp">
      <Filter>Source Files</Filter>
    </ClCompile>
    <ClCompile Include="GrandData.cpp">
      <Filter>Source Files</Filter>
    </ClCompile>
    <ClCompile Include="GrandDataFile.cpp">
      <Filter>Source Files</Filter>
    </ClCompile>
    <ClCompile Include="GrandDbVista.cpp">
      <Filter>Source Files</Filter>
    </ClCompile>
    <ClCompile Include="GrandFacCfgWrap.cpp">
      <Filter>Source Files</Filter>
    </ClCompile>
    <ClCompile Include="GrandImport.cpp">
      <Filter>Source Files</Filter>
    </ClCompile>
    <ClCompile Include="GrandImportSupport.cpp">
      <Filter>Source Files</Filter>
    </ClCompile>
    <ClCompile Include="StdAfx.cpp">
      <Filter>Source Files</Filter>
    </ClCompile>
    <ClCompile Include="..\..\Common\misc\Common\DirUtilities.cpp">
      <Filter>Source Files</Filter>
    </ClCompile>
    <ClCompile Include="..\..\Common\misc\Common\ErrorProcessing.cpp">
      <Filter>Source Files</Filter>
    </ClCompile>
    <ClCompile Include="..\..\Common\misc\Common\GenDateTime.cpp">
      <Filter>Source Files</Filter>
    </ClCompile>
    <ClCompile Include="..\..\Common\misc\Common\MyDateTime.cpp">
      <Filter>Source Files</Filter>
    </ClCompile>
    <ClCompile Include="..\..\Common\misc\Common\ProgressWnd.cpp">
      <Filter>Source Files</Filter>
    </ClCompile>
    <ClCompile Include="..\..\Common\misc\Common\SafeArrayUtil.cpp">
      <Filter>Source Files</Filter>
    </ClCompile>
    <ClCompile Include="..\..\Common\misc\CommonImportCom\VistaBaseData.cpp">
      <Filter>Source Files</Filter>
    </ClCompile>
    <ClCompile Include="..\..\Common\misc\CommonImportCom\VistaDataFile.cpp">
      <Filter>Source Files</Filter>
    </ClCompile>
    <ClCompile Include="..\..\Common\misc\CommonImportCom\VistaDb.cpp">
      <Filter>Source Files</Filter>
    </ClCompile>
  </ItemGroup>
  <ItemGroup>
    <None Include="GrandImport.rgs">
      <Filter>Resource Files</Filter>
    </None>
  </ItemGroup>
  <ItemGroup>
    <Midl Include="CoGrandImport.idl">
      <Filter>Source Files</Filter>
    </Midl>
  </ItemGroup>
  <ItemGroup>
    <ClInclude Include="..\CommonBaseClasses\BaseFacCfgWrap.h">
      <Filter>Header Files</Filter>
    </ClInclude>
    <ClInclude Include="CoGrandImport.h">
      <Filter>Header Files</Filter>
    </ClInclude>
    <ClInclude Include="GrandData.h">
      <Filter>Header Files</Filter>
    </ClInclude>
    <ClInclude Include="GrandDataFile.h">
      <Filter>Header Files</Filter>
    </ClInclude>
    <ClInclude Include="GrandDbVista.h">
      <Filter>Header Files</Filter>
    </ClInclude>
    <ClInclude Include="GrandFacCfgWrap.h">
      <Filter>Header Files</Filter>
    </ClInclude>
    <ClInclude Include="GrandImport.h">
      <Filter>Header Files</Filter>
    </ClInclude>
    <ClInclude Include="GrandImportSupport.h">
      <Filter>Header Files</Filter>
    </ClInclude>
    <ClInclude Include="resource.h">
      <Filter>Header Files</Filter>
    </ClInclude>
    <ClInclude Include="StdAfx.h">
      <Filter>Header Files</Filter>
    </ClInclude>
    <ClInclude Include="..\..\Common\misc\CommonImportCom\db_rmon.h">
      <Filter>Header Files</Filter>
    </ClInclude>
    <ClInclude Include="..\..\Common\misc\Common\DirUtilities.h">
      <Filter>Header Files</Filter>
    </ClInclude>
    <ClInclude Include="..\..\Common\misc\Common\ErrorProcessing.h">
      <Filter>Header Files</Filter>
    </ClInclude>
    <ClInclude Include="..\..\Common\misc\Common\GenDateTime.h">
      <Filter>Header Files</Filter>
    </ClInclude>
    <ClInclude Include="..\..\Common\misc\Common\imports.h">
      <Filter>Header Files</Filter>
    </ClInclude>
    <ClInclude Include="..\..\Common\misc\Common\MyDateTime.h">
      <Filter>Header Files</Filter>
    </ClInclude>
    <ClInclude Include="..\..\Common\misc\CommonImportCom\VistaBaseData.h">
      <Filter>Header Files</Filter>
    </ClInclude>
    <ClInclude Include="..\..\Common\misc\CommonImportCom\VistaDataFile.h">
      <Filter>Header Files</Filter>
    </ClInclude>
    <ClInclude Include="..\..\Common\misc\CommonImportCom\VistaDb.h">
      <Filter>Header Files</Filter>
    </ClInclude>
  </ItemGroup>
  <ItemGroup>
    <ResourceCompile Include="CoGrandImport.rc">
      <Filter>Resource Files</Filter>
    </ResourceCompile>
  </ItemGroup>
  <ItemGroup>
    <CustomBuildStep Include="CoGrandImport.def">
      <Filter>Source Files</Filter>
    </CustomBuildStep>
  </ItemGroup>
</Project>