<?xml version="1.0" encoding="utf-8"?>
<Project ToolsVersion="4.0" xmlns="http://schemas.microsoft.com/developer/msbuild/2003">
  <ItemGroup>
    <Filter Include="Source Files">
      <UniqueIdentifier>{2e52ca0b-2bba-4b62-bd39-eb3702281f3d}</UniqueIdentifier>
      <Extensions>cpp;c;cxx;rc;def;r;odl;idl;hpj;bat</Extensions>
    </Filter>
    <Filter Include="Header Files">
      <UniqueIdentifier>{49fcd84e-4d07-447a-b230-12ee08e3e65d}</UniqueIdentifier>
      <Extensions>h;hpp;hxx;hm;inl</Extensions>
    </Filter>
    <Filter Include="Resource Files">
      <UniqueIdentifier>{c1622957-d177-47b9-9e76-4605ec9a5a6a}</UniqueIdentifier>
      <Extensions>ico;cur;bmp;dlg;rc2;rct;bin;rgs;gif;jpg;jpeg;jpe</Extensions>
    </Filter>
  </ItemGroup>
  <ItemGroup>
    <ClCompile Include="CoVifmImport.cpp">
      <Filter>Source Files</Filter>
    </ClCompile>
    <ClCompile Include="FacCfgWrap.cpp">
      <Filter>Source Files</Filter>
    </ClCompile>
    <ClCompile Include="StdAfx.cpp">
      <Filter>Source Files</Filter>
    </ClCompile>
    <ClCompile Include="VifmData.cpp">
      <Filter>Source Files</Filter>
    </ClCompile>
    <ClCompile Include="VifmDataFile.cpp">
      <Filter>Source Files</Filter>
    </ClCompile>
    <ClCompile Include="VifmDbVista.cpp">
      <Filter>Source Files</Filter>
    </ClCompile>
    <ClCompile Include="VifmImport.cpp">
      <Filter>Source Files</Filter>
    </ClCompile>
    <ClCompile Include="VifmImportSupport.cpp">
      <Filter>Source Files</Filter>
    </ClCompile>
    <ClCompile Include="..\..\Common\misc\Common\SafeArrayUtil.cpp">
      <Filter>Source Files</Filter>
    </ClCompile>
    <ClCompile Include="..\..\Common\misc\Common\ProgressWnd.cpp">
      <Filter>Source Files</Filter>
    </ClCompile>
    <ClCompile Include="..\..\Common\misc\Common\MyDateTime.cpp">
      <Filter>Source Files</Filter>
    </ClCompile>
    <ClCompile Include="..\..\Common\misc\Common\GenDateTime.cpp">
      <Filter>Source Files</Filter>
    </ClCompile>
    <ClCompile Include="..\..\Common\misc\CommonImportCom\VistaBaseData.cpp">
      <Filter>Source Files</Filter>
    </ClCompile>
    <ClCompile Include="..\..\Common\misc\CommonImportCom\VistaDataFile.cpp">
      <Filter>Source Files</Filter>
    </ClCompile>
    <ClCompile Include="..\..\Common\misc\CommonImportCom\VistaDb.cpp">
      <Filter>Source Files</Filter>
    </ClCompile>
    <ClCompile Include="..\..\Common\misc\Common\DirUtilities.cpp">
      <Filter>Source Files</Filter>
    </ClCompile>
  </ItemGroup>
  <ItemGroup>
    <None Include="VifmImport.rgs">
      <Filter>Resource Files</Filter>
    </None>
  </ItemGroup>
  <ItemGroup>
    <Midl Include="CoVifmImport.idl">
      <Filter>Source Files</Filter>
    </Midl>
  </ItemGroup>
  <ItemGroup>
    <ResourceCompile Include="CoVifmImport.rc">
      <Filter>Source Files</Filter>
    </ResourceCompile>
  </ItemGroup>
  <ItemGroup>
    <ClInclude Include="FacCfgWrap.h">
      <Filter>Header Files</Filter>
    </ClInclude>
    <ClInclude Include="Resource.h">
      <Filter>Header Files</Filter>
    </ClInclude>
    <ClInclude Include="StdAfx.h">
      <Filter>Header Files</Filter>
    </ClInclude>
    <ClInclude Include="VifmData.h">
      <Filter>Header Files</Filter>
    </ClInclude>
    <ClInclude Include="VifmDataFile.h">
      <Filter>Header Files</Filter>
    </ClInclude>
    <ClInclude Include="VifmDbVista.h">
      <Filter>Header Files</Filter>
    </ClInclude>
    <ClInclude Include="VifmImport.h">
      <Filter>Header Files</Filter>
    </ClInclude>
    <ClInclude Include="VifmImportSupport.h">
      <Filter>Header Files</Filter>
    </ClInclude>
    <ClInclude Include="..\..\Common\Winclude32\GEN.H">
      <Filter>Header Files</Filter>
    </ClInclude>
    <ClInclude Include="..\..\Common\misc\Common\GenDateTime.h">
      <Filter>Header Files</Filter>
    </ClInclude>
    <ClInclude Include="..\..\Common\misc\Common\MyDateTime.h">
      <Filter>Header Files</Filter>
    </ClInclude>
    <ClInclude Include="..\..\Common\misc\Common\ProgressWnd.h">
      <Filter>Header Files</Filter>
    </ClInclude>
    <ClInclude Include="..\..\Common\misc\CommonImportCom\VistaBaseData.h">
      <Filter>Header Files</Filter>
    </ClInclude>
    <ClInclude Include="..\..\Common\misc\CommonImportCom\VistaDataFile.h">
      <Filter>Header Files</Filter>
    </ClInclude>
    <ClInclude Include="..\..\Common\misc\CommonImportCom\VistaDb.h">
      <Filter>Header Files</Filter>
    </ClInclude>
  </ItemGroup>
  <ItemGroup>
    <CustomBuildStep Include="CoVifmImport.def">
      <Filter>Source Files</Filter>
    </CustomBuildStep>
  </ItemGroup>
</Project>